
Microsoft Visual Studio Solution File, Format Version 12.00
# Visual Studio Version 17
VisualStudioVersion = 17.7.34024.191
MinimumVisualStudioVersion = 10.0.40219.1
Project("{8BC9CEB8-8B4A-11D0-8D11-00A0C91BC942}") = "Graph AdjMatrix", "Graph AdjMatrix.vcxproj", "{5699F06A-A45E-45DC-B52B-150A9304877F}"
EndProject
Global
	GlobalSection(SolutionConfigurationPlatforms) = preSolution
		Debug|x64 = Debug|x64
		Debug|x86 = Debug|x86
		Release|x64 = Release|x64
		Release|x86 = Release|x86
	EndGlobalSection
	GlobalSection(ProjectConfigurationPlatforms) = postSolution
		{5699F06A-A45E-45DC-B52B-150A9304877F}.Debug|x64.ActiveCfg = Debug|x64
		{5699F06A-A45E-45DC-B52B-150A9304877F}.Debug|x64.Build.0 = Debug|x64
		{5699F06A-A45E-45DC-B52B-150A9304877F}.Debug|x86.ActiveCfg = Debug|Win32
		{5699F06A-A45E-45DC-B52B-150A9304877F}.Debug|x86.Build.0 = Debug|Win32
		{5699F06A-A45E-45DC-B52B-150A9304877F}.Release|x64.ActiveCfg = Release|x64
		{5699F06A-A45E-45DC-B52B-150A9304877F}.Release|x64.Build.0 = Release|x64
		{5699F06A-A45E-45DC-B52B-150A9304877F}.Release|x86.ActiveCfg = Release|Win32
		{5699F06A-A45E-45DC-B52B-150A9304877F}.Release|x86.Build.0 = Release|Win32
	EndGlobalSection
	GlobalSection(SolutionProperties) = preSolution
		HideSolutionNode = FALSE
	EndGlobalSection
	GlobalSection(ExtensibilityGlobals) = postSolution
		SolutionGuid = {370196B3-708C-44A1-A8FF-B5F7C14D5891}
	EndGlobalSection
EndGlobal
